
Microsoft Visual Studio Solution File, Format Version 12.00
# Visual Studio 2012
Project("{FAE04EC0-301F-11D3-BF4B-00C04F79EFBC}") = "CZ.CEEG.WorkLst.PersonalReport", "CZ.CEEG.WorkLst.PersonalReport\CZ.CEEG.WorkLst.PersonalReport.csproj", "{2907A6F1-8884-49C7-BAA6-D79A5D37D329}"
EndProject
Global
	GlobalSection(SolutionConfigurationPlatforms) = preSolution
		Debug|Any CPU = Debug|Any CPU
		Release|Any CPU = Release|Any CPU
	EndGlobalSection
	GlobalSection(ProjectConfigurationPlatforms) = postSolution
		{2907A6F1-8884-49C7-BAA6-D79A5D37D329}.Debug|Any CPU.ActiveCfg = Debug|Any CPU
		{2907A6F1-8884-49C7-BAA6-D79A5D37D329}.Debug|Any CPU.Build.0 = Debug|Any CPU
		{2907A6F1-8884-49C7-BAA6-D79A5D37D329}.Release|Any CPU.ActiveCfg = Release|Any CPU
		{2907A6F1-8884-49C7-BAA6-D79A5D37D329}.Release|Any CPU.Build.0 = Release|Any CPU
	EndGlobalSection
	GlobalSection(SolutionProperties) = preSolution
		HideSolutionNode = FALSE
	EndGlobalSection
EndGlobal
