
Microsoft Visual Studio Solution File, Format Version 12.00
# Visual Studio Version 16
VisualStudioVersion = 16.0.29609.76
MinimumVisualStudioVersion = 10.0.40219.1
Project("{FAE04EC0-301F-11D3-BF4B-00C04F79EFBC}") = "CZ.CEEG.OAWF.UseCar", "CZ.CEEG.OAWF.UseCar\CZ.CEEG.OAWF.UseCar.csproj", "{5551DDC6-6C19-4C6D-8971-F376977DA9D7}"
EndProject
Global
	GlobalSection(SolutionConfigurationPlatforms) = preSolution
		Debug|Any CPU = Debug|Any CPU
		Release|Any CPU = Release|Any CPU
	EndGlobalSection
	GlobalSection(ProjectConfigurationPlatforms) = postSolution
		{5551DDC6-6C19-4C6D-8971-F376977DA9D7}.Debug|Any CPU.ActiveCfg = Debug|Any CPU
		{5551DDC6-6C19-4C6D-8971-F376977DA9D7}.Debug|Any CPU.Build.0 = Debug|Any CPU
		{5551DDC6-6C19-4C6D-8971-F376977DA9D7}.Release|Any CPU.ActiveCfg = Release|Any CPU
		{5551DDC6-6C19-4C6D-8971-F376977DA9D7}.Release|Any CPU.Build.0 = Release|Any CPU
	EndGlobalSection
	GlobalSection(SolutionProperties) = preSolution
		HideSolutionNode = FALSE
	EndGlobalSection
	GlobalSection(ExtensibilityGlobals) = postSolution
		SolutionGuid = {5BB0EBFC-6E4B-4792-8E7F-F684132CE29A}
	EndGlobalSection
EndGlobal
