
Microsoft Visual Studio Solution File, Format Version 12.00
# Visual Studio Version 16
VisualStudioVersion = 16.0.29806.167
MinimumVisualStudioVersion = 10.0.40219.1
Project("{FAE04EC0-301F-11D3-BF4B-00C04F79EFBC}") = "CZ.CEEG.MblCrm.SpclOrderSettle", "CZ.CEEG.MblCrm.SpclOrderSettle.csproj", "{152A497B-1BDA-47A3-8E9D-3A58C6CBFF9A}"
EndProject
Global
	GlobalSection(SolutionConfigurationPlatforms) = preSolution
		Debug|Any CPU = Debug|Any CPU
		Release|Any CPU = Release|Any CPU
	EndGlobalSection
	GlobalSection(ProjectConfigurationPlatforms) = postSolution
		{152A497B-1BDA-47A3-8E9D-3A58C6CBFF9A}.Debug|Any CPU.ActiveCfg = Debug|Any CPU
		{152A497B-1BDA-47A3-8E9D-3A58C6CBFF9A}.Debug|Any CPU.Build.0 = Debug|Any CPU
		{152A497B-1BDA-47A3-8E9D-3A58C6CBFF9A}.Release|Any CPU.ActiveCfg = Release|Any CPU
		{152A497B-1BDA-47A3-8E9D-3A58C6CBFF9A}.Release|Any CPU.Build.0 = Release|Any CPU
	EndGlobalSection
	GlobalSection(SolutionProperties) = preSolution
		HideSolutionNode = FALSE
	EndGlobalSection
	GlobalSection(ExtensibilityGlobals) = postSolution
		SolutionGuid = {92DD62EA-EF65-4641-A0E9-4D70EAB21943}
	EndGlobalSection
EndGlobal
