
Microsoft Visual Studio Solution File, Format Version 12.00
# Visual Studio Version 16
VisualStudioVersion = 16.0.30011.22
MinimumVisualStudioVersion = 10.0.40219.1
Project("{FAE04EC0-301F-11D3-BF4B-00C04F79EFBC}") = "CZ.CEEG.BosCrm.CustCopy", "CZ.CEEG.BosCrm.CustCopy.csproj", "{8D4AC934-148D-440D-AEE3-AA9E027DB8C3}"
EndProject
Global
	GlobalSection(SolutionConfigurationPlatforms) = preSolution
		Debug|Any CPU = Debug|Any CPU
		Release|Any CPU = Release|Any CPU
	EndGlobalSection
	GlobalSection(ProjectConfigurationPlatforms) = postSolution
		{8D4AC934-148D-440D-AEE3-AA9E027DB8C3}.Debug|Any CPU.ActiveCfg = Debug|Any CPU
		{8D4AC934-148D-440D-AEE3-AA9E027DB8C3}.Debug|Any CPU.Build.0 = Debug|Any CPU
		{8D4AC934-148D-440D-AEE3-AA9E027DB8C3}.Release|Any CPU.ActiveCfg = Release|Any CPU
		{8D4AC934-148D-440D-AEE3-AA9E027DB8C3}.Release|Any CPU.Build.0 = Release|Any CPU
	EndGlobalSection
	GlobalSection(SolutionProperties) = preSolution
		HideSolutionNode = FALSE
	EndGlobalSection
	GlobalSection(ExtensibilityGlobals) = postSolution
		SolutionGuid = {3E4B1CDE-6819-40CF-ABFA-F45DF2FE3137}
	EndGlobalSection
EndGlobal
