
Microsoft Visual Studio Solution File, Format Version 12.00
# Visual Studio Version 16
VisualStudioVersion = 16.0.29609.76
MinimumVisualStudioVersion = 10.0.40219.1
Project("{FAE04EC0-301F-11D3-BF4B-00C04F79EFBC}") = "CZ.CEEG.OAWF.Meeting", "CZ.CEEG.OAWF.Meeting\CZ.CEEG.OAWF.Meeting.csproj", "{B98B27A9-665C-41FB-8F83-3D39AC1E2015}"
EndProject
Global
	GlobalSection(SolutionConfigurationPlatforms) = preSolution
		Debug|Any CPU = Debug|Any CPU
		Release|Any CPU = Release|Any CPU
	EndGlobalSection
	GlobalSection(ProjectConfigurationPlatforms) = postSolution
		{B98B27A9-665C-41FB-8F83-3D39AC1E2015}.Debug|Any CPU.ActiveCfg = Debug|Any CPU
		{B98B27A9-665C-41FB-8F83-3D39AC1E2015}.Debug|Any CPU.Build.0 = Debug|Any CPU
		{B98B27A9-665C-41FB-8F83-3D39AC1E2015}.Release|Any CPU.ActiveCfg = Release|Any CPU
		{B98B27A9-665C-41FB-8F83-3D39AC1E2015}.Release|Any CPU.Build.0 = Release|Any CPU
	EndGlobalSection
	GlobalSection(SolutionProperties) = preSolution
		HideSolutionNode = FALSE
	EndGlobalSection
	GlobalSection(ExtensibilityGlobals) = postSolution
		SolutionGuid = {8F134355-222D-4143-AEF5-10F820347DB1}
	EndGlobalSection
EndGlobal
