
Microsoft Visual Studio Solution File, Format Version 12.00
# Visual Studio Version 16
VisualStudioVersion = 16.0.29215.179
MinimumVisualStudioVersion = 10.0.40219.1
Project("{FAE04EC0-301F-11D3-BF4B-00C04F79EFBC}") = "CZ.CEEG.BosWF.BdgActionService", "CZ.CEEG.BosWF.BdgActionService\CZ.CEEG.BosWF.BdgActionService.csproj", "{D32C1980-153C-4CD7-8CBA-821CD1FD0D2A}"
EndProject
Global
	GlobalSection(SolutionConfigurationPlatforms) = preSolution
		Debug|Any CPU = Debug|Any CPU
		Release|Any CPU = Release|Any CPU
	EndGlobalSection
	GlobalSection(ProjectConfigurationPlatforms) = postSolution
		{D32C1980-153C-4CD7-8CBA-821CD1FD0D2A}.Debug|Any CPU.ActiveCfg = Debug|Any CPU
		{D32C1980-153C-4CD7-8CBA-821CD1FD0D2A}.Debug|Any CPU.Build.0 = Debug|Any CPU
		{D32C1980-153C-4CD7-8CBA-821CD1FD0D2A}.Release|Any CPU.ActiveCfg = Release|Any CPU
		{D32C1980-153C-4CD7-8CBA-821CD1FD0D2A}.Release|Any CPU.Build.0 = Release|Any CPU
	EndGlobalSection
	GlobalSection(SolutionProperties) = preSolution
		HideSolutionNode = FALSE
	EndGlobalSection
	GlobalSection(ExtensibilityGlobals) = postSolution
		SolutionGuid = {E7536146-19AB-460E-9C4F-ACEC7AA5AA68}
	EndGlobalSection
EndGlobal
