
Microsoft Visual Studio Solution File, Format Version 12.00
# Visual Studio Version 16
VisualStudioVersion = 16.0.29806.167
MinimumVisualStudioVersion = 10.0.40219.1
Project("{FAE04EC0-301F-11D3-BF4B-00C04F79EFBC}") = "CZ.CEEG.MblOA.ForPubFund", "CZ.CEEG.MblOA.ForPubFund.csproj", "{C26C22AF-6953-4BFB-ACC6-CE22EA6F3636}"
EndProject
Global
	GlobalSection(SolutionConfigurationPlatforms) = preSolution
		Debug|Any CPU = Debug|Any CPU
		Release|Any CPU = Release|Any CPU
	EndGlobalSection
	GlobalSection(ProjectConfigurationPlatforms) = postSolution
		{C26C22AF-6953-4BFB-ACC6-CE22EA6F3636}.Debug|Any CPU.ActiveCfg = Debug|Any CPU
		{C26C22AF-6953-4BFB-ACC6-CE22EA6F3636}.Debug|Any CPU.Build.0 = Debug|Any CPU
		{C26C22AF-6953-4BFB-ACC6-CE22EA6F3636}.Release|Any CPU.ActiveCfg = Release|Any CPU
		{C26C22AF-6953-4BFB-ACC6-CE22EA6F3636}.Release|Any CPU.Build.0 = Release|Any CPU
	EndGlobalSection
	GlobalSection(SolutionProperties) = preSolution
		HideSolutionNode = FALSE
	EndGlobalSection
	GlobalSection(ExtensibilityGlobals) = postSolution
		SolutionGuid = {191E55EA-E10D-4EB1-9327-738DFD18732F}
	EndGlobalSection
EndGlobal
