
Microsoft Visual Studio Solution File, Format Version 12.00
# Visual Studio Version 16
VisualStudioVersion = 16.0.29609.76
MinimumVisualStudioVersion = 10.0.40219.1
Project("{FAE04EC0-301F-11D3-BF4B-00C04F79EFBC}") = "CZ.CEEG.OAWF.TechService", "CZ.CEEG.OAWF.TechService\CZ.CEEG.OAWF.TechService.csproj", "{397B28B8-25C9-412B-B93C-657A85BE7189}"
EndProject
Global
	GlobalSection(SolutionConfigurationPlatforms) = preSolution
		Debug|Any CPU = Debug|Any CPU
		Release|Any CPU = Release|Any CPU
	EndGlobalSection
	GlobalSection(ProjectConfigurationPlatforms) = postSolution
		{397B28B8-25C9-412B-B93C-657A85BE7189}.Debug|Any CPU.ActiveCfg = Debug|Any CPU
		{397B28B8-25C9-412B-B93C-657A85BE7189}.Debug|Any CPU.Build.0 = Debug|Any CPU
		{397B28B8-25C9-412B-B93C-657A85BE7189}.Release|Any CPU.ActiveCfg = Release|Any CPU
		{397B28B8-25C9-412B-B93C-657A85BE7189}.Release|Any CPU.Build.0 = Release|Any CPU
	EndGlobalSection
	GlobalSection(SolutionProperties) = preSolution
		HideSolutionNode = FALSE
	EndGlobalSection
	GlobalSection(ExtensibilityGlobals) = postSolution
		SolutionGuid = {CC95DCBE-0473-47B6-AF63-AFB8EED8883B}
	EndGlobalSection
EndGlobal
