
Microsoft Visual Studio Solution File, Format Version 12.00
# Visual Studio Version 16
VisualStudioVersion = 16.0.29215.179
MinimumVisualStudioVersion = 10.0.40219.1
Project("{FAE04EC0-301F-11D3-BF4B-00C04F79EFBC}") = "CZ.CEEG.BdgBos.CostRate", "CZ.CEEG.BdgBos.CostRate\CZ.CEEG.BdgBos.CostRate.csproj", "{4A3F4155-654C-414A-ADF5-DA629DD4724A}"
EndProject
Global
	GlobalSection(SolutionConfigurationPlatforms) = preSolution
		Debug|Any CPU = Debug|Any CPU
		Release|Any CPU = Release|Any CPU
	EndGlobalSection
	GlobalSection(ProjectConfigurationPlatforms) = postSolution
		{4A3F4155-654C-414A-ADF5-DA629DD4724A}.Debug|Any CPU.ActiveCfg = Debug|Any CPU
		{4A3F4155-654C-414A-ADF5-DA629DD4724A}.Debug|Any CPU.Build.0 = Debug|Any CPU
		{4A3F4155-654C-414A-ADF5-DA629DD4724A}.Release|Any CPU.ActiveCfg = Release|Any CPU
		{4A3F4155-654C-414A-ADF5-DA629DD4724A}.Release|Any CPU.Build.0 = Release|Any CPU
	EndGlobalSection
	GlobalSection(SolutionProperties) = preSolution
		HideSolutionNode = FALSE
	EndGlobalSection
	GlobalSection(ExtensibilityGlobals) = postSolution
		SolutionGuid = {A476B0BD-5E9D-4C1B-B594-BE370C9A287A}
	EndGlobalSection
EndGlobal
