
Microsoft Visual Studio Solution File, Format Version 12.00
# Visual Studio Version 17
VisualStudioVersion = 17.1.32414.318
MinimumVisualStudioVersion = 10.0.40219.1
Project("{FAE04EC0-301F-11D3-BF4B-00C04F79EFBC}") = "CEEG.BOS.emp.collect", "CEEG.BOS.emp.collect.csproj", "{8E81952F-1FD5-4D80-ADCF-9A933A5C8B65}"
EndProject
Global
	GlobalSection(SolutionConfigurationPlatforms) = preSolution
		Debug|Any CPU = Debug|Any CPU
		Release|Any CPU = Release|Any CPU
	EndGlobalSection
	GlobalSection(ProjectConfigurationPlatforms) = postSolution
		{8E81952F-1FD5-4D80-ADCF-9A933A5C8B65}.Debug|Any CPU.ActiveCfg = Debug|Any CPU
		{8E81952F-1FD5-4D80-ADCF-9A933A5C8B65}.Debug|Any CPU.Build.0 = Debug|Any CPU
		{8E81952F-1FD5-4D80-ADCF-9A933A5C8B65}.Release|Any CPU.ActiveCfg = Release|Any CPU
		{8E81952F-1FD5-4D80-ADCF-9A933A5C8B65}.Release|Any CPU.Build.0 = Release|Any CPU
	EndGlobalSection
	GlobalSection(SolutionProperties) = preSolution
		HideSolutionNode = FALSE
	EndGlobalSection
	GlobalSection(ExtensibilityGlobals) = postSolution
		SolutionGuid = {B0C7E361-406D-40F5-98C0-FD8B71F8827E}
	EndGlobalSection
EndGlobal
