
Microsoft Visual Studio Solution File, Format Version 12.00
# Visual Studio Version 17
VisualStudioVersion = 17.1.32421.90
MinimumVisualStudioVersion = 10.0.40219.1
Project("{FAE04EC0-301F-11D3-BF4B-00C04F79EFBC}") = "CZ.CEEG.BosOA.OrderDetail.DynamicFrom", "CZ.CEEG.BosOA.OrderDetail.DynamicFrom.csproj", "{105342A0-3ED8-4B3F-8D03-6B58707CC60A}"
EndProject
Global
	GlobalSection(SolutionConfigurationPlatforms) = preSolution
		Debug|Any CPU = Debug|Any CPU
		Release|Any CPU = Release|Any CPU
	EndGlobalSection
	GlobalSection(ProjectConfigurationPlatforms) = postSolution
		{105342A0-3ED8-4B3F-8D03-6B58707CC60A}.Debug|Any CPU.ActiveCfg = Debug|Any CPU
		{105342A0-3ED8-4B3F-8D03-6B58707CC60A}.Debug|Any CPU.Build.0 = Debug|Any CPU
		{105342A0-3ED8-4B3F-8D03-6B58707CC60A}.Release|Any CPU.ActiveCfg = Release|Any CPU
		{105342A0-3ED8-4B3F-8D03-6B58707CC60A}.Release|Any CPU.Build.0 = Release|Any CPU
	EndGlobalSection
	GlobalSection(SolutionProperties) = preSolution
		HideSolutionNode = FALSE
	EndGlobalSection
	GlobalSection(ExtensibilityGlobals) = postSolution
		SolutionGuid = {03456693-BDD8-4113-B67E-B3122FF192D2}
	EndGlobalSection
EndGlobal
