
Microsoft Visual Studio Solution File, Format Version 12.00
# Visual Studio Version 16
VisualStudioVersion = 16.0.29609.76
MinimumVisualStudioVersion = 10.0.40219.1
Project("{FAE04EC0-301F-11D3-BF4B-00C04F79EFBC}") = "CZ.CEEG.OAWF.WorkContract", "CZ.CEEG.OAWF.WorkContract\CZ.CEEG.OAWF.WorkContract.csproj", "{C91F7756-04C9-4D2A-889D-8B5E810096D2}"
EndProject
Global
	GlobalSection(SolutionConfigurationPlatforms) = preSolution
		Debug|Any CPU = Debug|Any CPU
		Release|Any CPU = Release|Any CPU
	EndGlobalSection
	GlobalSection(ProjectConfigurationPlatforms) = postSolution
		{C91F7756-04C9-4D2A-889D-8B5E810096D2}.Debug|Any CPU.ActiveCfg = Debug|Any CPU
		{C91F7756-04C9-4D2A-889D-8B5E810096D2}.Debug|Any CPU.Build.0 = Debug|Any CPU
		{C91F7756-04C9-4D2A-889D-8B5E810096D2}.Release|Any CPU.ActiveCfg = Release|Any CPU
		{C91F7756-04C9-4D2A-889D-8B5E810096D2}.Release|Any CPU.Build.0 = Release|Any CPU
	EndGlobalSection
	GlobalSection(SolutionProperties) = preSolution
		HideSolutionNode = FALSE
	EndGlobalSection
	GlobalSection(ExtensibilityGlobals) = postSolution
		SolutionGuid = {221CFB1C-33C8-4CE0-9128-7A6D6D81BEB7}
	EndGlobalSection
EndGlobal
