
Microsoft Visual Studio Solution File, Format Version 12.00
# Visual Studio Version 16
VisualStudioVersion = 16.0.29609.76
MinimumVisualStudioVersion = 10.0.40219.1
Project("{FAE04EC0-301F-11D3-BF4B-00C04F79EFBC}") = "CZ.CEEG.OAWF.InnerAccommodation", "CZ.CEEG.OAWF.InnerAccommodation\CZ.CEEG.OAWF.InnerAccommodation.csproj", "{D7DA8024-059D-4AD2-94EF-E94E4B2C615C}"
EndProject
Global
	GlobalSection(SolutionConfigurationPlatforms) = preSolution
		Debug|Any CPU = Debug|Any CPU
		Release|Any CPU = Release|Any CPU
	EndGlobalSection
	GlobalSection(ProjectConfigurationPlatforms) = postSolution
		{D7DA8024-059D-4AD2-94EF-E94E4B2C615C}.Debug|Any CPU.ActiveCfg = Debug|Any CPU
		{D7DA8024-059D-4AD2-94EF-E94E4B2C615C}.Debug|Any CPU.Build.0 = Debug|Any CPU
		{D7DA8024-059D-4AD2-94EF-E94E4B2C615C}.Release|Any CPU.ActiveCfg = Release|Any CPU
		{D7DA8024-059D-4AD2-94EF-E94E4B2C615C}.Release|Any CPU.Build.0 = Release|Any CPU
	EndGlobalSection
	GlobalSection(SolutionProperties) = preSolution
		HideSolutionNode = FALSE
	EndGlobalSection
	GlobalSection(ExtensibilityGlobals) = postSolution
		SolutionGuid = {DA4F40CE-26F8-4F40-836E-132AE0B2B218}
	EndGlobalSection
EndGlobal
