
Microsoft Visual Studio Solution File, Format Version 12.00
# Visual Studio Version 16
VisualStudioVersion = 16.0.29215.179
MinimumVisualStudioVersion = 10.0.40219.1
Project("{FAE04EC0-301F-11D3-BF4B-00C04F79EFBC}") = "CZ.CEEG.CptBos.CptAdj", "CZ.CEEG.CptBos.CptAdj\CZ.CEEG.CptBos.CptAdj.csproj", "{EE29D533-8150-4169-A9D3-4BA0CCD93090}"
EndProject
Global
	GlobalSection(SolutionConfigurationPlatforms) = preSolution
		Debug|Any CPU = Debug|Any CPU
		Release|Any CPU = Release|Any CPU
	EndGlobalSection
	GlobalSection(ProjectConfigurationPlatforms) = postSolution
		{EE29D533-8150-4169-A9D3-4BA0CCD93090}.Debug|Any CPU.ActiveCfg = Debug|Any CPU
		{EE29D533-8150-4169-A9D3-4BA0CCD93090}.Debug|Any CPU.Build.0 = Debug|Any CPU
		{EE29D533-8150-4169-A9D3-4BA0CCD93090}.Release|Any CPU.ActiveCfg = Release|Any CPU
		{EE29D533-8150-4169-A9D3-4BA0CCD93090}.Release|Any CPU.Build.0 = Release|Any CPU
	EndGlobalSection
	GlobalSection(SolutionProperties) = preSolution
		HideSolutionNode = FALSE
	EndGlobalSection
	GlobalSection(ExtensibilityGlobals) = postSolution
		SolutionGuid = {3FD12550-7C30-4D10-910B-028694B7C07F}
	EndGlobalSection
EndGlobal
