
Microsoft Visual Studio Solution File, Format Version 12.00
# Visual Studio Version 16
VisualStudioVersion = 16.0.29215.179
MinimumVisualStudioVersion = 10.0.40219.1
Project("{FAE04EC0-301F-11D3-BF4B-00C04F79EFBC}") = "CZ.CEEG.BosCrm.Niche", "CZ.CEEG.BosCrm.Niche\CZ.CEEG.BosCrm.Niche.csproj", "{0842C439-7B56-4EA7-908A-D40DC4F08739}"
EndProject
Global
	GlobalSection(SolutionConfigurationPlatforms) = preSolution
		Debug|Any CPU = Debug|Any CPU
		Release|Any CPU = Release|Any CPU
	EndGlobalSection
	GlobalSection(ProjectConfigurationPlatforms) = postSolution
		{0842C439-7B56-4EA7-908A-D40DC4F08739}.Debug|Any CPU.ActiveCfg = Debug|Any CPU
		{0842C439-7B56-4EA7-908A-D40DC4F08739}.Debug|Any CPU.Build.0 = Debug|Any CPU
		{0842C439-7B56-4EA7-908A-D40DC4F08739}.Release|Any CPU.ActiveCfg = Release|Any CPU
		{0842C439-7B56-4EA7-908A-D40DC4F08739}.Release|Any CPU.Build.0 = Release|Any CPU
	EndGlobalSection
	GlobalSection(SolutionProperties) = preSolution
		HideSolutionNode = FALSE
	EndGlobalSection
	GlobalSection(ExtensibilityGlobals) = postSolution
		SolutionGuid = {4A224486-BEEF-4246-BCDC-8E95760A8FE9}
	EndGlobalSection
EndGlobal
