
Microsoft Visual Studio Solution File, Format Version 12.00
# Visual Studio 2012
Project("{FAE04EC0-301F-11D3-BF4B-00C04F79EFBC}") = "CZ.CEEG.BosCrm.SaleOffer", "CZ.CEEG.BosCrm.SaleOffer\CZ.CEEG.BosCrm.SaleOffer.csproj", "{2385CB62-2C2C-4FB1-B5EA-7AE18D099068}"
EndProject
Global
	GlobalSection(SolutionConfigurationPlatforms) = preSolution
		Debug|Any CPU = Debug|Any CPU
		Release|Any CPU = Release|Any CPU
	EndGlobalSection
	GlobalSection(ProjectConfigurationPlatforms) = postSolution
		{2385CB62-2C2C-4FB1-B5EA-7AE18D099068}.Debug|Any CPU.ActiveCfg = Debug|Any CPU
		{2385CB62-2C2C-4FB1-B5EA-7AE18D099068}.Debug|Any CPU.Build.0 = Debug|Any CPU
		{2385CB62-2C2C-4FB1-B5EA-7AE18D099068}.Release|Any CPU.ActiveCfg = Release|Any CPU
		{2385CB62-2C2C-4FB1-B5EA-7AE18D099068}.Release|Any CPU.Build.0 = Release|Any CPU
	EndGlobalSection
	GlobalSection(SolutionProperties) = preSolution
		HideSolutionNode = FALSE
	EndGlobalSection
EndGlobal
