
Microsoft Visual Studio Solution File, Format Version 12.00
# Visual Studio Version 16
VisualStudioVersion = 16.0.29806.167
MinimumVisualStudioVersion = 10.0.40219.1
Project("{FAE04EC0-301F-11D3-BF4B-00C04F79EFBC}") = "CZ.CEEG.SheduleTask.WorkPlanNotify", "CZ.CEEG.SheduleTask.WorkPlanNotify.csproj", "{36BB6B73-C687-44AE-9A47-17F1835171F9}"
EndProject
Global
	GlobalSection(SolutionConfigurationPlatforms) = preSolution
		Debug|Any CPU = Debug|Any CPU
		Release|Any CPU = Release|Any CPU
	EndGlobalSection
	GlobalSection(ProjectConfigurationPlatforms) = postSolution
		{36BB6B73-C687-44AE-9A47-17F1835171F9}.Debug|Any CPU.ActiveCfg = Debug|Any CPU
		{36BB6B73-C687-44AE-9A47-17F1835171F9}.Debug|Any CPU.Build.0 = Debug|Any CPU
		{36BB6B73-C687-44AE-9A47-17F1835171F9}.Release|Any CPU.ActiveCfg = Release|Any CPU
		{36BB6B73-C687-44AE-9A47-17F1835171F9}.Release|Any CPU.Build.0 = Release|Any CPU
	EndGlobalSection
	GlobalSection(SolutionProperties) = preSolution
		HideSolutionNode = FALSE
	EndGlobalSection
	GlobalSection(ExtensibilityGlobals) = postSolution
		SolutionGuid = {3E5EE038-8DA1-4429-8F37-5716B1643916}
	EndGlobalSection
EndGlobal
