
Microsoft Visual Studio Solution File, Format Version 12.00
# Visual Studio Version 16
VisualStudioVersion = 16.0.29215.179
MinimumVisualStudioVersion = 10.0.40219.1
Project("{FAE04EC0-301F-11D3-BF4B-00C04F79EFBC}") = "CZ.CEEG.MblCrm.Niche", "CZ.CEEG.MblCrm.Niche\CZ.CEEG.MblCrm.Niche.csproj", "{27FA50F0-B0C8-466C-B091-1F17359A16A3}"
EndProject
Global
	GlobalSection(SolutionConfigurationPlatforms) = preSolution
		Debug|Any CPU = Debug|Any CPU
		Release|Any CPU = Release|Any CPU
	EndGlobalSection
	GlobalSection(ProjectConfigurationPlatforms) = postSolution
		{27FA50F0-B0C8-466C-B091-1F17359A16A3}.Debug|Any CPU.ActiveCfg = Debug|Any CPU
		{27FA50F0-B0C8-466C-B091-1F17359A16A3}.Debug|Any CPU.Build.0 = Debug|Any CPU
		{27FA50F0-B0C8-466C-B091-1F17359A16A3}.Release|Any CPU.ActiveCfg = Release|Any CPU
		{27FA50F0-B0C8-466C-B091-1F17359A16A3}.Release|Any CPU.Build.0 = Release|Any CPU
	EndGlobalSection
	GlobalSection(SolutionProperties) = preSolution
		HideSolutionNode = FALSE
	EndGlobalSection
	GlobalSection(ExtensibilityGlobals) = postSolution
		SolutionGuid = {C7CF1298-9767-478D-BB79-2EA1CE50380F}
	EndGlobalSection
EndGlobal
