
Microsoft Visual Studio Solution File, Format Version 12.00
# Visual Studio 2012
Project("{FAE04EC0-301F-11D3-BF4B-00C04F79EFBC}") = "CEEG.CZ.OABos.HrSyncDelPermision", "CEEG.CZ.OABos.HrSyncDelPermision\CEEG.CZ.OABos.HrSyncDelPermision.csproj", "{2420F5B2-0C9B-4AA7-BD5D-94D9B9D6EE48}"
EndProject
Global
	GlobalSection(SolutionConfigurationPlatforms) = preSolution
		Debug|Any CPU = Debug|Any CPU
		Release|Any CPU = Release|Any CPU
	EndGlobalSection
	GlobalSection(ProjectConfigurationPlatforms) = postSolution
		{2420F5B2-0C9B-4AA7-BD5D-94D9B9D6EE48}.Debug|Any CPU.ActiveCfg = Debug|Any CPU
		{2420F5B2-0C9B-4AA7-BD5D-94D9B9D6EE48}.Debug|Any CPU.Build.0 = Debug|Any CPU
		{2420F5B2-0C9B-4AA7-BD5D-94D9B9D6EE48}.Release|Any CPU.ActiveCfg = Release|Any CPU
		{2420F5B2-0C9B-4AA7-BD5D-94D9B9D6EE48}.Release|Any CPU.Build.0 = Release|Any CPU
	EndGlobalSection
	GlobalSection(SolutionProperties) = preSolution
		HideSolutionNode = FALSE
	EndGlobalSection
EndGlobal
