
Microsoft Visual Studio Solution File, Format Version 12.00
# Visual Studio Version 16
VisualStudioVersion = 16.0.29215.179
MinimumVisualStudioVersion = 10.0.40219.1
Project("{FAE04EC0-301F-11D3-BF4B-00C04F79EFBC}") = "CZ.CEEG.BosLst.FormClose", "CZ.CEEG.BosLst.FormClose\CZ.CEEG.BosLst.FormClose.csproj", "{DCF887AF-DC82-4336-B5CB-8FB9EB0630C5}"
EndProject
Global
	GlobalSection(SolutionConfigurationPlatforms) = preSolution
		Debug|Any CPU = Debug|Any CPU
		Release|Any CPU = Release|Any CPU
	EndGlobalSection
	GlobalSection(ProjectConfigurationPlatforms) = postSolution
		{DCF887AF-DC82-4336-B5CB-8FB9EB0630C5}.Debug|Any CPU.ActiveCfg = Debug|Any CPU
		{DCF887AF-DC82-4336-B5CB-8FB9EB0630C5}.Debug|Any CPU.Build.0 = Debug|Any CPU
		{DCF887AF-DC82-4336-B5CB-8FB9EB0630C5}.Release|Any CPU.ActiveCfg = Release|Any CPU
		{DCF887AF-DC82-4336-B5CB-8FB9EB0630C5}.Release|Any CPU.Build.0 = Release|Any CPU
	EndGlobalSection
	GlobalSection(SolutionProperties) = preSolution
		HideSolutionNode = FALSE
	EndGlobalSection
	GlobalSection(ExtensibilityGlobals) = postSolution
		SolutionGuid = {F766FE2C-7521-46BF-A9E9-8B912826DEB2}
	EndGlobalSection
EndGlobal
