
Microsoft Visual Studio Solution File, Format Version 12.00
# Visual Studio Version 16
VisualStudioVersion = 16.0.29609.76
MinimumVisualStudioVersion = 10.0.40219.1
Project("{FAE04EC0-301F-11D3-BF4B-00C04F79EFBC}") = "CZ.CEEG.BosTask.Dispatch", "CZ.CEEG.BosTask.Dispatch\CZ.CEEG.BosTask.Dispatch.csproj", "{3A7FA4AA-F90B-4F10-B4D4-E682A0133764}"
EndProject
Global
	GlobalSection(SolutionConfigurationPlatforms) = preSolution
		Debug|Any CPU = Debug|Any CPU
		Release|Any CPU = Release|Any CPU
	EndGlobalSection
	GlobalSection(ProjectConfigurationPlatforms) = postSolution
		{3A7FA4AA-F90B-4F10-B4D4-E682A0133764}.Debug|Any CPU.ActiveCfg = Debug|Any CPU
		{3A7FA4AA-F90B-4F10-B4D4-E682A0133764}.Debug|Any CPU.Build.0 = Debug|Any CPU
		{3A7FA4AA-F90B-4F10-B4D4-E682A0133764}.Release|Any CPU.ActiveCfg = Release|Any CPU
		{3A7FA4AA-F90B-4F10-B4D4-E682A0133764}.Release|Any CPU.Build.0 = Release|Any CPU
	EndGlobalSection
	GlobalSection(SolutionProperties) = preSolution
		HideSolutionNode = FALSE
	EndGlobalSection
	GlobalSection(ExtensibilityGlobals) = postSolution
		SolutionGuid = {2C3D0F69-00EA-40D2-A15B-AB73EE75D4B9}
	EndGlobalSection
EndGlobal
