
Microsoft Visual Studio Solution File, Format Version 12.00
# Visual Studio Version 16
VisualStudioVersion = 16.0.29215.179
MinimumVisualStudioVersion = 10.0.40219.1
Project("{FAE04EC0-301F-11D3-BF4B-00C04F79EFBC}") = "CZ.CEEG.OABos.LeaveQuery", "CZ.CEEG.OABos.LeaveQuery\CZ.CEEG.OABos.LeaveQuery.csproj", "{848C4495-6A42-4F4C-9800-7D3FAAD42A82}"
EndProject
Global
	GlobalSection(SolutionConfigurationPlatforms) = preSolution
		Debug|Any CPU = Debug|Any CPU
		Release|Any CPU = Release|Any CPU
	EndGlobalSection
	GlobalSection(ProjectConfigurationPlatforms) = postSolution
		{848C4495-6A42-4F4C-9800-7D3FAAD42A82}.Debug|Any CPU.ActiveCfg = Debug|Any CPU
		{848C4495-6A42-4F4C-9800-7D3FAAD42A82}.Debug|Any CPU.Build.0 = Debug|Any CPU
		{848C4495-6A42-4F4C-9800-7D3FAAD42A82}.Release|Any CPU.ActiveCfg = Release|Any CPU
		{848C4495-6A42-4F4C-9800-7D3FAAD42A82}.Release|Any CPU.Build.0 = Release|Any CPU
	EndGlobalSection
	GlobalSection(SolutionProperties) = preSolution
		HideSolutionNode = FALSE
	EndGlobalSection
	GlobalSection(ExtensibilityGlobals) = postSolution
		SolutionGuid = {0C990F36-1D1D-49C4-8CFD-1A8D82C881B7}
	EndGlobalSection
EndGlobal
