
Microsoft Visual Studio Solution File, Format Version 12.00
# Visual Studio Version 16
VisualStudioVersion = 16.0.29609.76
MinimumVisualStudioVersion = 10.0.40219.1
Project("{FAE04EC0-301F-11D3-BF4B-00C04F79EFBC}") = "CZ.CEEG.BosPM.PersonalReport", "CZ.CEEG.BosPM.PersonalReport\CZ.CEEG.BosPM.PersonalReport.csproj", "{69475D79-E391-4858-B54B-5832920503FF}"
EndProject
Global
	GlobalSection(SolutionConfigurationPlatforms) = preSolution
		Debug|Any CPU = Debug|Any CPU
		Release|Any CPU = Release|Any CPU
	EndGlobalSection
	GlobalSection(ProjectConfigurationPlatforms) = postSolution
		{69475D79-E391-4858-B54B-5832920503FF}.Debug|Any CPU.ActiveCfg = Debug|Any CPU
		{69475D79-E391-4858-B54B-5832920503FF}.Debug|Any CPU.Build.0 = Debug|Any CPU
		{69475D79-E391-4858-B54B-5832920503FF}.Release|Any CPU.ActiveCfg = Release|Any CPU
		{69475D79-E391-4858-B54B-5832920503FF}.Release|Any CPU.Build.0 = Release|Any CPU
	EndGlobalSection
	GlobalSection(SolutionProperties) = preSolution
		HideSolutionNode = FALSE
	EndGlobalSection
	GlobalSection(ExtensibilityGlobals) = postSolution
		SolutionGuid = {D673E9B3-4C6F-489D-8A19-70A2F8535E45}
	EndGlobalSection
EndGlobal
