
Microsoft Visual Studio Solution File, Format Version 12.00
# Visual Studio Version 17
VisualStudioVersion = 17.1.32421.90
MinimumVisualStudioVersion = 10.0.40219.1
Project("{FAE04EC0-301F-11D3-BF4B-00C04F79EFBC}") = "CZ.CEEG.BosOA.OrderDetail.BackDataBtn", "CZ.CEEG.BosOA.OrderDetail.BackDataBtn.csproj", "{2EACDE7C-942C-4E6E-8FC3-44D7C90A0A30}"
EndProject
Global
	GlobalSection(SolutionConfigurationPlatforms) = preSolution
		Debug|Any CPU = Debug|Any CPU
		Release|Any CPU = Release|Any CPU
	EndGlobalSection
	GlobalSection(ProjectConfigurationPlatforms) = postSolution
		{2EACDE7C-942C-4E6E-8FC3-44D7C90A0A30}.Debug|Any CPU.ActiveCfg = Debug|Any CPU
		{2EACDE7C-942C-4E6E-8FC3-44D7C90A0A30}.Debug|Any CPU.Build.0 = Debug|Any CPU
		{2EACDE7C-942C-4E6E-8FC3-44D7C90A0A30}.Release|Any CPU.ActiveCfg = Release|Any CPU
		{2EACDE7C-942C-4E6E-8FC3-44D7C90A0A30}.Release|Any CPU.Build.0 = Release|Any CPU
	EndGlobalSection
	GlobalSection(SolutionProperties) = preSolution
		HideSolutionNode = FALSE
	EndGlobalSection
	GlobalSection(ExtensibilityGlobals) = postSolution
		SolutionGuid = {062B0F0A-4418-4EC5-87D1-EDD7E3E7AE38}
	EndGlobalSection
EndGlobal
