
Microsoft Visual Studio Solution File, Format Version 12.00
# Visual Studio Version 16
VisualStudioVersion = 16.0.29215.179
MinimumVisualStudioVersion = 10.0.40219.1
Project("{FAE04EC0-301F-11D3-BF4B-00C04F79EFBC}") = "CZ.CEEG.BosWF.CptActionService", "CZ.CEEG.BosWF.CptActionService\CZ.CEEG.BosWF.CptActionService.csproj", "{CE2BB821-8085-4C9C-83E8-5CBC71238F7C}"
EndProject
Global
	GlobalSection(SolutionConfigurationPlatforms) = preSolution
		Debug|Any CPU = Debug|Any CPU
		Release|Any CPU = Release|Any CPU
	EndGlobalSection
	GlobalSection(ProjectConfigurationPlatforms) = postSolution
		{CE2BB821-8085-4C9C-83E8-5CBC71238F7C}.Debug|Any CPU.ActiveCfg = Debug|Any CPU
		{CE2BB821-8085-4C9C-83E8-5CBC71238F7C}.Debug|Any CPU.Build.0 = Debug|Any CPU
		{CE2BB821-8085-4C9C-83E8-5CBC71238F7C}.Release|Any CPU.ActiveCfg = Release|Any CPU
		{CE2BB821-8085-4C9C-83E8-5CBC71238F7C}.Release|Any CPU.Build.0 = Release|Any CPU
	EndGlobalSection
	GlobalSection(SolutionProperties) = preSolution
		HideSolutionNode = FALSE
	EndGlobalSection
	GlobalSection(ExtensibilityGlobals) = postSolution
		SolutionGuid = {92C0AF33-89B3-441C-96C0-F40014F15DA4}
	EndGlobalSection
EndGlobal
