
Microsoft Visual Studio Solution File, Format Version 12.00
# Visual Studio Version 16
VisualStudioVersion = 16.0.29609.76
MinimumVisualStudioVersion = 10.0.40219.1
Project("{FAE04EC0-301F-11D3-BF4B-00C04F79EFBC}") = "CZ.CEEG.WFTask.PersonalReport", "CZ.CEEG.WFTask.PersonalReport\CZ.CEEG.WFTask.PersonalReport.csproj", "{861AB1B5-0E07-458B-981B-6B32F402387C}"
EndProject
Global
	GlobalSection(SolutionConfigurationPlatforms) = preSolution
		Debug|Any CPU = Debug|Any CPU
		Release|Any CPU = Release|Any CPU
	EndGlobalSection
	GlobalSection(ProjectConfigurationPlatforms) = postSolution
		{861AB1B5-0E07-458B-981B-6B32F402387C}.Debug|Any CPU.ActiveCfg = Debug|Any CPU
		{861AB1B5-0E07-458B-981B-6B32F402387C}.Debug|Any CPU.Build.0 = Debug|Any CPU
		{861AB1B5-0E07-458B-981B-6B32F402387C}.Release|Any CPU.ActiveCfg = Release|Any CPU
		{861AB1B5-0E07-458B-981B-6B32F402387C}.Release|Any CPU.Build.0 = Release|Any CPU
	EndGlobalSection
	GlobalSection(SolutionProperties) = preSolution
		HideSolutionNode = FALSE
	EndGlobalSection
	GlobalSection(ExtensibilityGlobals) = postSolution
		SolutionGuid = {E1BA5DDB-1002-447A-A704-B896EFE7C21E}
	EndGlobalSection
EndGlobal
